{
    "_meta": {
        "hash": {
            "sha256": "5fed6c8cca1771e78b0ba285bdb964aa7629b9f66277ff2e46638d3d490fbe04"
        },
        "pipfile-spec": 6,
        "requires": {
            "python_version": "3.12"
        },
        "sources": [
            {
                "name": "pypi",
                "url": "https://pypi.org/simple",
                "verify_ssl": true
            }
        ]
    },
    "default": {
        "aiofiles": {
            "hashes": [
                "sha256:22a075c9e5a3810f0c2e48f3008c94d68c65d763b9b03857924c99e57355166c",
                "sha256:b4ec55f4195e3eb5d7abd1bf7e061763e864dd4954231fb8539a0ef8bb8260e5"
            ],
            "index": "pypi",
            "markers": "python_version >= '3.8'",
            "version": "==24.1.0"
        },
        "blinker": {
            "hashes": [
                "sha256:b4ce2265a7abece45e7cc896e98dbebe6cead56bcf805a3d23136d145f5445bf",
                "sha256:ba0efaa9080b619ff2f3459d1d500c57bddea4a6b424b60a91141db6fd2f08bc"
            ],
            "markers": "python_version >= '3.9'",
            "version": "==1.9.0"
        },
        "click": {
            "hashes": [
                "sha256:ae74fb96c20a0277a1d615f1e4d73c8414f5a98db8b799a7931d1582f3390c28",
                "sha256:ca9853ad459e787e2192211578cc907e7594e294c7ccc834310722b41b9ca6de"
            ],
            "markers": "python_version >= '3.7'",
            "version": "==8.1.7"
        },
        "colorama": {
            "hashes": [
                "sha256:08695f5cb7ed6e0531a20572697297273c47b8cae5a63ffc6d6ed5c201be6e44",
                "sha256:4f1d9991f5acc0ca119f9d443620b77f9d6b33703e51011c16baf57afb285fc6"
            ],
            "markers": "platform_system == 'Windows'",
            "version": "==0.4.6"
        },
        "doctor": {
            "hashes": [
                "sha256:d2cf1521c83a94bfcb73c4ee5e8a7c7de4c597eb0f60764d190bd7a9f72e8075"
            ],
            "index": "pypi",
            "version": "==3.13.7"
        },
        "flask": {
            "hashes": [
                "sha256:5f873c5184c897c8d9d1b05df1e3d01b14910ce69607a117bd3277098a5836ac",
                "sha256:d667207822eb83f1c4b50949b1623c8fc8d51f2341d65f72e1a1815397551136"
            ],
            "index": "pypi",
            "markers": "python_version >= '3.9'",
            "version": "==3.1.0"
        },
        "flutter": {
            "hashes": [
                "sha256:13bc3a93a5370c54656252d4dd0e11b48a9cca5b6f02892909d5c560eecb5494",
                "sha256:f19a8b2ebf0a3379792cd064c18e95d6c2ac91d365fbfc1c7f80e5938f586ecd"
            ],
            "index": "pypi",
            "markers": "python_version >= '3.6'",
            "version": "==0.1"
        },
        "ifaddr": {
            "hashes": [
                "sha256:085e0305cfe6f16ab12d72e2024030f5d52674afad6911bb1eee207177b8a748",
                "sha256:cc0cbfcaabf765d44595825fb96a99bb12c79716b73b44330ea38ee2b0c4aed4"
            ],
            "version": "==0.2.0"
        },
        "isodate": {
            "hashes": [
                "sha256:28009937d8031054830160fce6d409ed342816b543597cece116d966c6d99e15",
                "sha256:4cd1aa0f43ca76f4a6c6c0292a85f40b35ec2e43e315b59f06e6d32171a953e6"
            ],
            "markers": "python_version >= '3.7'",
            "version": "==0.7.2"
        },
        "itsdangerous": {
            "hashes": [
                "sha256:c6242fc49e35958c8b15141343aa660db5fc54d4f13a1db01a3f5891b98700ef",
                "sha256:e0050c0b7da1eea53ffaf149c0cfbb5c6e2e2b69c4bef22c81fa6eb73e5f6173"
            ],
            "markers": "python_version >= '3.8'",
            "version": "==2.2.0"
        },
        "jinja2": {
            "hashes": [
                "sha256:4a3aee7acbbe7303aede8e9648d13b8bf88a429282aa6122a993f0ac800cb369",
                "sha256:bc5dd2abb727a5319567b7a813e6a2e7318c39f4f487cfe6c89c6f9c7d25197d"
            ],
            "markers": "python_version >= '3.7'",
            "version": "==3.1.4"
        },
        "jsonschema": {
            "hashes": [
                "sha256:000e68abd33c972a5248544925a0cae7d1125f9bf6c58280d37546b946769a08",
                "sha256:6ff5f3180870836cae40f06fa10419f557208175f13ad7bc26caa77beb1f6e02"
            ],
            "version": "==2.6.0"
        },
        "markupsafe": {
            "hashes": [
                "sha256:0bff5e0ae4ef2e1ae4fdf2dfd5b76c75e5c2fa4132d05fc1b0dabcd20c7e28c4",
                "sha256:0f4ca02bea9a23221c0182836703cbf8930c5e9454bacce27e767509fa286a30",
                "sha256:1225beacc926f536dc82e45f8a4d68502949dc67eea90eab715dea3a21c1b5f0",
                "sha256:131a3c7689c85f5ad20f9f6fb1b866f402c445b220c19fe4308c0b147ccd2ad9",
                "sha256:15ab75ef81add55874e7ab7055e9c397312385bd9ced94920f2802310c930396",
                "sha256:1a9d3f5f0901fdec14d8d2f66ef7d035f2157240a433441719ac9a3fba440b13",
                "sha256:1c99d261bd2d5f6b59325c92c73df481e05e57f19837bdca8413b9eac4bd8028",
                "sha256:1e084f686b92e5b83186b07e8a17fc09e38fff551f3602b249881fec658d3eca",
                "sha256:2181e67807fc2fa785d0592dc2d6206c019b9502410671cc905d132a92866557",
                "sha256:2cb8438c3cbb25e220c2ab33bb226559e7afb3baec11c4f218ffa7308603c832",
                "sha256:3169b1eefae027567d1ce6ee7cae382c57fe26e82775f460f0b2778beaad66c0",
                "sha256:3809ede931876f5b2ec92eef964286840ed3540dadf803dd570c3b7e13141a3b",
                "sha256:38a9ef736c01fccdd6600705b09dc574584b89bea478200c5fbf112a6b0d5579",
                "sha256:3d79d162e7be8f996986c064d1c7c817f6df3a77fe3d6859f6f9e7be4b8c213a",
                "sha256:444dcda765c8a838eaae23112db52f1efaf750daddb2d9ca300bcae1039adc5c",
                "sha256:48032821bbdf20f5799ff537c7ac3d1fba0ba032cfc06194faffa8cda8b560ff",
                "sha256:4aa4e5faecf353ed117801a068ebab7b7e09ffb6e1d5e412dc852e0da018126c",
                "sha256:52305740fe773d09cffb16f8ed0427942901f00adedac82ec8b67752f58a1b22",
                "sha256:569511d3b58c8791ab4c2e1285575265991e6d8f8700c7be0e88f86cb0672094",
                "sha256:57cb5a3cf367aeb1d316576250f65edec5bb3be939e9247ae594b4bcbc317dfb",
                "sha256:5b02fb34468b6aaa40dfc198d813a641e3a63b98c2b05a16b9f80b7ec314185e",
                "sha256:6381026f158fdb7c72a168278597a5e3a5222e83ea18f543112b2662a9b699c5",
                "sha256:6af100e168aa82a50e186c82875a5893c5597a0c1ccdb0d8b40240b1f28b969a",
                "sha256:6c89876f41da747c8d3677a2b540fb32ef5715f97b66eeb0c6b66f5e3ef6f59d",
                "sha256:6e296a513ca3d94054c2c881cc913116e90fd030ad1c656b3869762b754f5f8a",
                "sha256:70a87b411535ccad5ef2f1df5136506a10775d267e197e4cf531ced10537bd6b",
                "sha256:7e94c425039cde14257288fd61dcfb01963e658efbc0ff54f5306b06054700f8",
                "sha256:846ade7b71e3536c4e56b386c2a47adf5741d2d8b94ec9dc3e92e5e1ee1e2225",
                "sha256:88416bd1e65dcea10bc7569faacb2c20ce071dd1f87539ca2ab364bf6231393c",
                "sha256:88b49a3b9ff31e19998750c38e030fc7bb937398b1f78cfa599aaef92d693144",
                "sha256:8c4e8c3ce11e1f92f6536ff07154f9d49677ebaaafc32db9db4620bc11ed480f",
                "sha256:8e06879fc22a25ca47312fbe7c8264eb0b662f6db27cb2d3bbbc74b1df4b9b87",
                "sha256:9025b4018f3a1314059769c7bf15441064b2207cb3f065e6ea1e7359cb46db9d",
                "sha256:93335ca3812df2f366e80509ae119189886b0f3c2b81325d39efdb84a1e2ae93",
                "sha256:9778bd8ab0a994ebf6f84c2b949e65736d5575320a17ae8984a77fab08db94cf",
                "sha256:9e2d922824181480953426608b81967de705c3cef4d1af983af849d7bd619158",
                "sha256:a123e330ef0853c6e822384873bef7507557d8e4a082961e1defa947aa59ba84",
                "sha256:a904af0a6162c73e3edcb969eeeb53a63ceeb5d8cf642fade7d39e7963a22ddb",
                "sha256:ad10d3ded218f1039f11a75f8091880239651b52e9bb592ca27de44eed242a48",
                "sha256:b424c77b206d63d500bcb69fa55ed8d0e6a3774056bdc4839fc9298a7edca171",
                "sha256:b5a6b3ada725cea8a5e634536b1b01c30bcdcd7f9c6fff4151548d5bf6b3a36c",
                "sha256:ba8062ed2cf21c07a9e295d5b8a2a5ce678b913b45fdf68c32d95d6c1291e0b6",
                "sha256:ba9527cdd4c926ed0760bc301f6728ef34d841f405abf9d4f959c478421e4efd",
                "sha256:bbcb445fa71794da8f178f0f6d66789a28d7319071af7a496d4d507ed566270d",
                "sha256:bcf3e58998965654fdaff38e58584d8937aa3096ab5354d493c77d1fdd66d7a1",
                "sha256:c0ef13eaeee5b615fb07c9a7dadb38eac06a0608b41570d8ade51c56539e509d",
                "sha256:cabc348d87e913db6ab4aa100f01b08f481097838bdddf7c7a84b7575b7309ca",
                "sha256:cdb82a876c47801bb54a690c5ae105a46b392ac6099881cdfb9f6e95e4014c6a",
                "sha256:cfad01eed2c2e0c01fd0ecd2ef42c492f7f93902e39a42fc9ee1692961443a29",
                "sha256:d16a81a06776313e817c951135cf7340a3e91e8c1ff2fac444cfd75fffa04afe",
                "sha256:d8213e09c917a951de9d09ecee036d5c7d36cb6cb7dbaece4c71a60d79fb9798",
                "sha256:e07c3764494e3776c602c1e78e298937c3315ccc9043ead7e685b7f2b8d47b3c",
                "sha256:e17c96c14e19278594aa4841ec148115f9c7615a47382ecb6b82bd8fea3ab0c8",
                "sha256:e444a31f8db13eb18ada366ab3cf45fd4b31e4db1236a4448f68778c1d1a5a2f",
                "sha256:e6a2a455bd412959b57a172ce6328d2dd1f01cb2135efda2e4576e8a23fa3b0f",
                "sha256:eaa0a10b7f72326f1372a713e73c3f739b524b3af41feb43e4921cb529f5929a",
                "sha256:eb7972a85c54febfb25b5c4b4f3af4dcc731994c7da0d8a0b4a6eb0640e1d178",
                "sha256:ee55d3edf80167e48ea11a923c7386f4669df67d7994554387f84e7d8b0a2bf0",
                "sha256:f3818cb119498c0678015754eba762e0d61e5b52d34c8b13d770f0719f7b1d79",
                "sha256:f8b3d067f2e40fe93e1ccdd6b2e1d16c43140e76f02fb1319a05cf2b79d99430",
                "sha256:fcabf5ff6eea076f859677f5f0b6b5c1a51e70a376b0579e0eadef8db48c6b50"
            ],
            "markers": "python_version >= '3.9'",
            "version": "==3.0.2"
        },
        "mypy-extensions": {
            "hashes": [
                "sha256:4392f6c0eb8a5668a69e23d168ffa70f0be9ccfd32b5cc2d26a34ae5b844552d",
                "sha256:75dbf8955dc00442a438fc4d0666508a9a97b6bd41aa2f0ffe9d2f2725af0782"
            ],
            "markers": "python_version >= '3.5'",
            "version": "==1.0.0"
        },
        "pyyaml": {
            "hashes": [
                "sha256:3d7da3009c0f3e783b2c873687652d83b1bbfd5c88e9813fb7e5b03c0dd3108b",
                "sha256:3ef3092145e9b70e3ddd2c7ad59bdd0252a94dfe3949721633e41344de00a6bf",
                "sha256:40c71b8e076d0550b2e6380bada1f1cd1017b882f7e16f09a65be98e017f211a",
                "sha256:558dd60b890ba8fd982e05941927a3911dc409a63dcb8b634feaa0cda69330d3",
                "sha256:a7c28b45d9f99102fa092bb213aa12e0aaf9a6a1f5e395d36166639c1f96c3a1",
                "sha256:aa7dd4a6a427aed7df6fb7f08a580d68d9b118d90310374716ae90b710280af1",
                "sha256:bc558586e6045763782014934bfaf39d48b8ae85a2713117d16c39864085c613",
                "sha256:d46d7982b62e0729ad0175a9bc7e10a566fc07b224d2c79fafb5e032727eaa04",
                "sha256:d5eef459e30b09f5a098b9cea68bebfeb268697f78d647bd255a085371ac7f3f",
                "sha256:e01d3203230e1786cd91ccfdc8f8454c8069c91bee3962ad93b87a4b2860f537",
                "sha256:e170a9e6fcfd19021dd29845af83bb79236068bf5fd4df3327c1be18182b2531"
            ],
            "version": "==3.13"
        },
        "rfc3987": {
            "hashes": [
                "sha256:10702b1e51e5658843460b189b185c0366d2cf4cff716f13111b0ea9fd2dce53",
                "sha256:d3c4d257a560d544e9826b38bc81db676890c79ab9d7ac92b39c7a253d5ca733"
            ],
            "version": "==1.3.8"
        },
        "simplejson": {
            "hashes": [
                "sha256:01c6657485393f2e9b8177c77a7634f13ebe70d5e6de150aae1677d91516ce6b",
                "sha256:0552eb06e7234da892e1d02365cd2b7b2b1f8233aa5aabdb2981587b7cc92ea0",
                "sha256:06662392e4913dc8846d6a71a6d5de86db5fba244831abe1dd741d62a4136764",
                "sha256:0733ecd95ae03ae718ec74aad818f5af5f3155d596f7b242acbc1621e765e5fb",
                "sha256:0766ca6222b410e08e0053a0dda3606cafb3973d5d00538307f631bb59743396",
                "sha256:0791f64fed7d4abad639491f8a6b1ba56d3c604eb94b50f8697359b92d983f36",
                "sha256:08f9b443a94e72dd02c87098c96886d35790e79e46b24e67accafbf13b73d43b",
                "sha256:0959e6cb62e3994b5a40e31047ff97ef5c4138875fae31659bead691bed55896",
                "sha256:0a32859d45d7b85fb803bb68f6bee14526991a1190269116c33399fa0daf9bbf",
                "sha256:0b5ddd2c7d1d3f4d23224bc8a04bbf1430ae9a8149c05b90f8fc610f7f857a23",
                "sha256:0bc5544e3128891bf613b9f71813ee2ec9c11574806f74dd8bb84e5e95bf64a2",
                "sha256:101a3c8392028cd704a93c7cba8926594e775ca3c91e0bee82144e34190903f1",
                "sha256:1069143a8fb3905e1bc0696c62be7e3adf812e9f1976ac9ae15b05112ff57cc9",
                "sha256:1773cabfba66a6337b547e45dafbd471b09487370bcab75bd28f626520410d29",
                "sha256:1a53a07320c5ff574d8b1a89c937ce33608832f166f39dff0581ac43dc979abd",
                "sha256:1bd41f2cb1a2c57656ceff67b12d005cb255c728265e222027ad73193a04005a",
                "sha256:1c49eeb94b8f09dc8a5843c156a22b8bde6aa1ddc65ca8ddc62dddcc001e6a2d",
                "sha256:1df0aaf1cb787fdf34484ed4a1f0c545efd8811f6028623290fef1a53694e597",
                "sha256:1e557712fc79f251673aeb3fad3501d7d4da3a27eff0857af2e1d1afbbcf6685",
                "sha256:1e662336db50ad665777e6548b5076329a94a0c3d4a0472971c588b3ef27de3a",
                "sha256:212fce86a22188b0c7f53533b0f693ea9605c1a0f02c84c475a30616f55a744d",
                "sha256:23228037dc5d41c36666384062904d74409a62f52283d9858fa12f4c22cffad1",
                "sha256:23833ee7e791ec968b744dfee2a2d39df7152050051096caf4296506d75608d8",
                "sha256:256e09d0f94d9c3d177d9e95fd27a68c875a4baa2046633df387b86b652f5747",
                "sha256:2876027ebdd599d730d36464debe84619b0368e9a642ca6e7c601be55aed439e",
                "sha256:2a6a750d3c7461b1c47cfc6bba8d9e57a455e7c5f80057d2a82f738040dd1129",
                "sha256:2a954b30810988feeabde843e3263bf187697e0eb5037396276db3612434049b",
                "sha256:2b737a5fefedb8333fa50b8db3dcc9b1d18fd6c598f89fa7debff8b46bf4e511",
                "sha256:2c78293470313aefa9cfc5e3f75ca0635721fb016fb1121c1c5b0cb8cc74712a",
                "sha256:2f56eb03bc9e432bb81adc8ecff2486d39feb371abb442964ffb44f6db23b332",
                "sha256:32a3ada8f3ea41db35e6d37b86dade03760f804628ec22e4fe775b703d567426",
                "sha256:37105d1d708365b91165e1a6e505bdecc88637091348cf4b6adcdcb4f5a5fb8b",
                "sha256:3bbcdc438dc1683b35f7a8dc100960c721f922f9ede8127f63bed7dfded4c64c",
                "sha256:3dc5c1a85ff388e98ea877042daec3d157b6db0d85bac6ba5498034689793e7e",
                "sha256:42e5acf80d4d971238d4df97811286a044d720693092b20a56d5e56b7dcc5d09",
                "sha256:49549e3d81ab4a58424405aa545602674d8c35c20e986b42bb8668e782a94bac",
                "sha256:49cc4c7b940d43bd12bf87ec63f28cbc4964fc4e12c031cc8cd01650f43eb94e",
                "sha256:4a0710d1a5e41c4f829caa1572793dd3130c8d65c2b194c24ff29c4c305c26e0",
                "sha256:4dfa420bb9225dd33b6efdabde7c6a671b51150b9b1d9c4e5cd74d3b420b3fe1",
                "sha256:50d8b742d74c449c4dcac570d08ce0f21f6a149d2d9cf7652dbf2ba9a1bc729a",
                "sha256:56134bbafe458a7b21f6fddbf889d36bec6d903718f4430768e3af822f8e27c2",
                "sha256:5bf6a3b9a7d7191471b464fe38f684df10eb491ec9ea454003edb45a011ab187",
                "sha256:5d9e8f836688a8fabe6a6b41b334aa550a6823f7b4ac3d3712fc0ad8655be9a8",
                "sha256:619756f1dd634b5bdf57d9a3914300526c3b348188a765e45b8b08eabef0c94e",
                "sha256:6300680d83a399be2b8f3b0ef7ef90b35d2a29fe6e9c21438097e0938bbc1564",
                "sha256:637c4d4b81825c1f4d651e56210bd35b5604034b192b02d2d8f17f7ce8c18f42",
                "sha256:66a0399e21c2112acacfebf3d832ebe2884f823b1c7e6d1363f2944f1db31a99",
                "sha256:67a20641afebf4cfbcff50061f07daad1eace6e7b31d7622b6fa2c40d43900ba",
                "sha256:6890ff9cf0bd2e1d487e2a8869ebd620a44684c0a9667fa5ee751d099d5d84c8",
                "sha256:6d43e24b88c80f997081503f693be832fc90854f278df277dd54f8a4c847ab61",
                "sha256:6ef9383c5e05f445be60f1735c1816163c874c0b1ede8bb4390aff2ced34f333",
                "sha256:6f455672f4738b0f47183c5896e3606cd65c9ddee3805a4d18e8c96aa3f47c84",
                "sha256:6fea0716c593dabb4392c4996d4e902a83b2428e6da82938cf28a523a11eb277",
                "sha256:7017329ca8d4dca94ad5e59f496e5fc77630aecfc39df381ffc1d37fb6b25832",
                "sha256:7137e69c6781ecf23afab064be94a277236c9cba31aa48ff1a0ec3995c69171e",
                "sha256:72e8abbc86fcac83629a030888b45fed3a404d54161118be52cb491cd6975d3e",
                "sha256:7355c7203353c36d46c4e7b6055293b3d2be097bbc5e2874a2b8a7259f0325dd",
                "sha256:76f8c28fe2d426182405b18ddf3001fce47835a557dc15c3d8bdea01c03361da",
                "sha256:7923878b7a0142d39763ec2dbecff3053c1bedd3653585a8474666e420fe83f5",
                "sha256:7a7bfad839c624e139a4863007233a3f194e7c51551081f9789cba52e4da5167",
                "sha256:7b5c472099b39b274dcde27f1113db8d818c9aa3ba8f78cbb8ad04a4c1ac2118",
                "sha256:7c0104b4b7d2c75ccedbf1d9d5a3bd2daa75e51053935a44ba012e2fd4c43752",
                "sha256:7e062767ac165df9a46963f5735aa4eee0089ec1e48b3f2ec46182754b96f55e",
                "sha256:7e2a098c21ad8924076a12b6c178965d88a0ad75d1de67e1afa0a66878f277a5",
                "sha256:817abad79241ed4a507b3caf4d3f2be5079f39d35d4c550a061988986bffd2ec",
                "sha256:83c87706265ae3028e8460d08b05f30254c569772e859e5ba61fe8af2c883468",
                "sha256:89b35433186e977fa86ff1fd179c1fadff39cfa3afa1648dab0b6ca53153acd9",
                "sha256:8e086896c36210ab6050f2f9f095a5f1e03c83fa0e7f296d6cba425411364680",
                "sha256:8f41bb5370b34f63171e65fdb00e12be1d83675cecb23e627df26f4c88dfc021",
                "sha256:934a50a614fb831614db5dbfba35127ee277624dda4d15895c957d2f5d48610c",
                "sha256:93be280fc69a952c76e261036312c20b910e7fa9e234f1d89bdfe3fa34f8a023",
                "sha256:951095be8d4451a7182403354c22ec2de3e513e0cc40408b689af08d02611588",
                "sha256:a0782cb9bf827f0c488b6aa0f2819f618308a3caf2973cfd792e45d631bec4db",
                "sha256:ab69f811a660c362651ae395eba8ce84f84c944cea0df5718ea0ba9d1e4e7252",
                "sha256:ad0e0b1ce9bd3edb5cf64b5b5b76eacbfdac8c5367153aeeec8a8b1407f68342",
                "sha256:add8850db04b98507a8b62d248a326ecc8561e6d24336d1ca5c605bbfaab4cad",
                "sha256:afab2f7f2486a866ff04d6d905e9386ca6a231379181a3838abce1f32fbdcc37",
                "sha256:b5587feda2b65a79da985ae6d116daf6428bf7489992badc29fc96d16cd27b05",
                "sha256:b9198c1f1f8910a3b86b60f4fe2556d9d28d3fefe35bffe6be509a27402e694d",
                "sha256:bc164f32dd9691e7082ce5df24b4cf8c6c394bbf9bdeeb5d843127cd07ab8ad2",
                "sha256:bcde83a553a96dc7533736c547bddaa35414a2566ab0ecf7d3964fc4bdb84c11",
                "sha256:c40df31a75de98db2cdfead6074d4449cd009e79f54c1ebe5e5f1f153c68ad20",
                "sha256:c4f614581b61a26fbbba232a1391f6cee82bc26f2abbb6a0b44a9bba25c56a1c",
                "sha256:c9bedebdc5fdad48af8783022bae307746d54006b783007d1d3c38e10872a2c6",
                "sha256:cb324bb903330cbb35d87cce367a12631cd5720afa06e5b9c906483970946da6",
                "sha256:d00313681015ac498e1736b304446ee6d1c72c5b287cd196996dad84369998f7",
                "sha256:d0b0efc7279d768db7c74d3d07f0b5c81280d16ae3fb14e9081dc903e8360771",
                "sha256:d0d5a63f1768fed7e78cf55712dee81f5a345e34d34224f3507ebf71df2b754d",
                "sha256:d1b8b4d6379fe55f471914345fe6171d81a18649dacf3248abfc9c349b4442eb",
                "sha256:d36608557b4dcd7a62c29ad4cd7c5a1720bbf7dc942eff9dc42d2c542a5f042d",
                "sha256:d43c2d7504eda566c50203cdc9dc043aff6f55f1b7dae0dcd79dfefef9159d1c",
                "sha256:d73efb03c5b39249c82488a994f0998f9e4399e3d085209d2120503305ba77a8",
                "sha256:d936ae682d5b878af9d9eb4d8bb1fdd5e41275c8eb59ceddb0aeed857bb264a2",
                "sha256:dd011fc3c1d88b779645495fdb8189fb318a26981eebcce14109460e062f209b",
                "sha256:dd5b9b1783e14803e362a558680d88939e830db2466f3fa22df5c9319f8eea94",
                "sha256:dd6a7dabcc4c32daf601bc45e01b79175dde4b52548becea4f9545b0a4428169",
                "sha256:dd7230d061e755d60a4d5445bae854afe33444cdb182f3815cff26ac9fb29a15",
                "sha256:e0d2b00ecbcd1a3c5ea1abc8bb99a26508f758c1759fd01c3be482a3655a176f",
                "sha256:e1a1452ad5723ff129b081e3c8aa4ba56b8734fee4223355ed7b815a7ece69bc",
                "sha256:e88abff510dcff903a18d11c2a75f9964e768d99c8d147839913886144b2065e",
                "sha256:ea7a4a998c87c5674a27089e022110a1a08a7753f21af3baf09efe9915c23c3c",
                "sha256:eb47ee773ce67476a960e2db4a0a906680c54f662521550828c0cc57d0099426",
                "sha256:eed8cd98a7b24861da9d3d937f5fbfb6657350c547528a117297fe49e3960667",
                "sha256:ef28c3b328d29b5e2756903aed888960bc5df39b4c2eab157ae212f70ed5bf74",
                "sha256:ef59a53be400c1fad2c914b8d74c9d42384fed5174f9321dd021b7017fd40270",
                "sha256:f39caec26007a2d0efab6b8b1d74873ede9351962707afab622cc2285dd26ed0",
                "sha256:f8efb03ca77bd7725dfacc9254df00d73e6f43013cf39bd37ef1a8ed0ebb5165",
                "sha256:fa97278ae6614346b5ca41a45a911f37a3261b57dbe4a00602048652c862c28b",
                "sha256:fc3dc9fb413fc34c396f52f4c87de18d0bd5023804afa8ab5cc224deeb6a9900",
                "sha256:ff7bc1bbdaa3e487c9469128bf39408e91f5573901cb852e03af378d3582c52d"
            ],
            "markers": "python_version >= '2.5' and python_version not in '3.0, 3.1, 3.2'",
            "version": "==3.19.3"
        },
        "strict-rfc3339": {
            "hashes": [
                "sha256:5cad17bedfc3af57b399db0fed32771f18fc54bbd917e85546088607ac5e1277"
            ],
            "version": "==0.7"
        },
        "typing-extensions": {
            "hashes": [
                "sha256:04e5ca0351e0f3f85c6853954072df659d0d13fac324d0072316b67d7794700d",
                "sha256:1a7ead55c7e559dd4dee8856e3a88b41225abfe1ce8df57b7c13915fe121ffb8"
            ],
            "markers": "python_version >= '3.8'",
            "version": "==4.12.2"
        },
        "typing-inspect": {
            "hashes": [
                "sha256:9ee6fc59062311ef8547596ab6b955e1b8aa46242d854bfc78f4f6b0eff35f9f",
                "sha256:b23fc42ff6f6ef6954e4852c1fb512cdd18dbea03134f91f856a95ccc9461f78"
            ],
            "version": "==0.9.0"
        },
        "websockets": {
            "hashes": [
                "sha256:00fe5da3f037041da1ee0cf8e308374e236883f9842c7c465aa65098b1c9af59",
                "sha256:01bb2d4f0a6d04538d3c5dfd27c0643269656c28045a53439cbf1c004f90897a",
                "sha256:034feb9f4286476f273b9a245fb15f02c34d9586a5bc936aff108c3ba1b21beb",
                "sha256:04a97aca96ca2acedf0d1f332c861c5a4486fdcba7bcef35873820f940c4231e",
                "sha256:0d4290d559d68288da9f444089fd82490c8d2744309113fc26e2da6e48b65da6",
                "sha256:1288369a6a84e81b90da5dbed48610cd7e5d60af62df9851ed1d1d23a9069f10",
                "sha256:14839f54786987ccd9d03ed7f334baec0f02272e7ec4f6e9d427ff584aeea8b4",
                "sha256:1d045cbe1358d76b24d5e20e7b1878efe578d9897a25c24e6006eef788c0fdf0",
                "sha256:1f874ba705deea77bcf64a9da42c1f5fc2466d8f14daf410bc7d4ceae0a9fcb0",
                "sha256:205f672a6c2c671a86d33f6d47c9b35781a998728d2c7c2a3e1cf3333fcb62b7",
                "sha256:2177ee3901075167f01c5e335a6685e71b162a54a89a56001f1c3e9e3d2ad250",
                "sha256:219c8187b3ceeadbf2afcf0f25a4918d02da7b944d703b97d12fb01510869078",
                "sha256:25225cc79cfebc95ba1d24cd3ab86aaa35bcd315d12fa4358939bd55e9bd74a5",
                "sha256:3630b670d5057cd9e08b9c4dab6493670e8e762a24c2c94ef312783870736ab9",
                "sha256:368a05465f49c5949e27afd6fbe0a77ce53082185bbb2ac096a3a8afaf4de52e",
                "sha256:36ebd71db3b89e1f7b1a5deaa341a654852c3518ea7a8ddfdf69cc66acc2db1b",
                "sha256:39450e6215f7d9f6f7bc2a6da21d79374729f5d052333da4d5825af8a97e6735",
                "sha256:398b10c77d471c0aab20a845e7a60076b6390bfdaac7a6d2edb0d2c59d75e8d8",
                "sha256:3c3deac3748ec73ef24fc7be0b68220d14d47d6647d2f85b2771cb35ea847aa1",
                "sha256:3f14a96a0034a27f9d47fd9788913924c89612225878f8078bb9d55f859272b0",
                "sha256:3fc753451d471cff90b8f467a1fc0ae64031cf2d81b7b34e1811b7e2691bc4bc",
                "sha256:414ffe86f4d6f434a8c3b7913655a1a5383b617f9bf38720e7c0799fac3ab1c6",
                "sha256:449d77d636f8d9c17952628cc7e3b8faf6e92a17ec581ec0c0256300717e1512",
                "sha256:4b6caec8576e760f2c7dd878ba817653144d5f369200b6ddf9771d64385b84d4",
                "sha256:4d4fc827a20abe6d544a119896f6b78ee13fe81cbfef416f3f2ddf09a03f0e2e",
                "sha256:5a42d3ecbb2db5080fc578314439b1d79eef71d323dc661aa616fb492436af5d",
                "sha256:5b918d288958dc3fa1c5a0b9aa3256cb2b2b84c54407f4813c45d52267600cd3",
                "sha256:5ef440054124728cc49b01c33469de06755e5a7a4e83ef61934ad95fc327fbb0",
                "sha256:660c308dabd2b380807ab64b62985eaccf923a78ebc572bd485375b9ca2b7dc7",
                "sha256:6a6c9bcf7cdc0fd41cc7b7944447982e8acfd9f0d560ea6d6845428ed0562058",
                "sha256:6d24fc337fc055c9e83414c94e1ee0dee902a486d19d2a7f0929e49d7d604b09",
                "sha256:7048eb4415d46368ef29d32133134c513f507fff7d953c18c91104738a68c3b3",
                "sha256:77569d19a13015e840b81550922056acabc25e3f52782625bc6843cfa034e1da",
                "sha256:8149a0f5a72ca36720981418eeffeb5c2729ea55fa179091c81a0910a114a5d2",
                "sha256:836bef7ae338a072e9d1863502026f01b14027250a4545672673057997d5c05a",
                "sha256:8621a07991add373c3c5c2cf89e1d277e49dc82ed72c75e3afc74bd0acc446f0",
                "sha256:87e31011b5c14a33b29f17eb48932e63e1dcd3fa31d72209848652310d3d1f0d",
                "sha256:88cf9163ef674b5be5736a584c999e98daf3aabac6e536e43286eb74c126b9c7",
                "sha256:8fda642151d5affdee8a430bd85496f2e2517be3a2b9d2484d633d5712b15c56",
                "sha256:90b5d9dfbb6d07a84ed3e696012610b6da074d97453bd01e0e30744b472c8179",
                "sha256:90f4c7a069c733d95c308380aae314f2cb45bd8a904fb03eb36d1a4983a4993f",
                "sha256:9481a6de29105d73cf4515f2bef8eb71e17ac184c19d0b9918a3701c6c9c4f23",
                "sha256:9607b9a442392e690a57909c362811184ea429585a71061cd5d3c2b98065c199",
                "sha256:9777564c0a72a1d457f0848977a1cbe15cfa75fa2f67ce267441e465717dcf1a",
                "sha256:a032855dc7db987dff813583d04f4950d14326665d7e714d584560b140ae6b8b",
                "sha256:a0adf84bc2e7c86e8a202537b4fd50e6f7f0e4a6b6bf64d7ccb96c4cd3330b29",
                "sha256:a35f704be14768cea9790d921c2c1cc4fc52700410b1c10948511039be824aac",
                "sha256:a3dfff83ca578cada2d19e665e9c8368e1598d4e787422a460ec70e531dbdd58",
                "sha256:a4c805c6034206143fbabd2d259ec5e757f8b29d0a2f0bf3d2fe5d1f60147a4a",
                "sha256:a655bde548ca98f55b43711b0ceefd2a88a71af6350b0c168aa77562104f3f45",
                "sha256:ad2ab2547761d79926effe63de21479dfaf29834c50f98c4bf5b5480b5838434",
                "sha256:b1f3628a0510bd58968c0f60447e7a692933589b791a6b572fcef374053ca280",
                "sha256:b7e7ea2f782408c32d86b87a0d2c1fd8871b0399dd762364c731d86c86069a78",
                "sha256:bc6ccf7d54c02ae47a48ddf9414c54d48af9c01076a2e1023e3b486b6e72c707",
                "sha256:bea45f19b7ca000380fbd4e02552be86343080120d074b87f25593ce1700ad58",
                "sha256:cc1fc87428c1d18b643479caa7b15db7d544652e5bf610513d4a3478dbe823d0",
                "sha256:cd7c11968bc3860d5c78577f0dbc535257ccec41750675d58d8dc66aa47fe52c",
                "sha256:ceada5be22fa5a5a4cdeec74e761c2ee7db287208f54c718f2df4b7e200b8d4a",
                "sha256:cf5201a04550136ef870aa60ad3d29d2a59e452a7f96b94193bee6d73b8ad9a9",
                "sha256:d9fd19ecc3a4d5ae82ddbfb30962cf6d874ff943e56e0c81f5169be2fda62979",
                "sha256:ddaa4a390af911da6f680be8be4ff5aaf31c4c834c1a9147bc21cbcbca2d4370",
                "sha256:df174ece723b228d3e8734a6f2a6febbd413ddec39b3dc592f5a4aa0aff28098",
                "sha256:e0744623852f1497d825a49a99bfbec9bea4f3f946df6eb9d8a2f0c37a2fec2e",
                "sha256:e5dc25a9dbd1a7f61eca4b7cb04e74ae4b963d658f9e4f9aad9cd00b688692c8",
                "sha256:e7591d6f440af7f73c4bd9404f3772bfee064e639d2b6cc8c94076e71b2471c1",
                "sha256:eb6d38971c800ff02e4a6afd791bbe3b923a9a57ca9aeab7314c21c84bf9ff05",
                "sha256:ed907449fe5e021933e46a3e65d651f641975a768d0649fee59f10c2985529ed",
                "sha256:f6cf0ad281c979306a6a34242b371e90e891bce504509fb6bb5246bbbf31e7b6",
                "sha256:f95ba34d71e2fa0c5d225bde3b3bdb152e957150100e75c86bc7f3964c450d89"
            ],
            "index": "pypi",
            "markers": "python_version >= '3.9'",
            "version": "==14.1"
        },
        "werkzeug": {
            "hashes": [
                "sha256:54b78bf3716d19a65be4fceccc0d1d7b89e608834989dfae50ea87564639213e",
                "sha256:60723ce945c19328679790e3282cc758aa4a6040e4bb330f53d30fa546d44746"
            ],
            "markers": "python_version >= '3.9'",
            "version": "==3.1.3"
        },
        "zeroconf": {
            "hashes": [
                "sha256:0096c74aee29595ed001d5f6d5208984c253aed4fa0b933f67af540e87853134",
                "sha256:02a99c1d85c5adf7a84bad7d629e7fe119077b3b1e7f4623c53c24e7d17cab16",
                "sha256:04a14600acbb191451fb21d3994b50740b86b7cf26a2ae782755add99153bdd8",
                "sha256:07ce9c00500cfbf4f10fce0f4942a2df5d65034b095fb2881c8d36a89db8de2b",
                "sha256:0f6cff0ea6144305c42cafe9f5c7b055508ab2810aa4aa51918cd7f446313072",
                "sha256:0fb2e91135dad695875b796d9616ab4ffbe50092c073fa518c7947799fa3fc41",
                "sha256:135d10214bf43d487a15dfb77935b928804a20d794981231d8635ef68daa420d",
                "sha256:14602f82cf848bd7878d4b66eb9d6f8418b16128f2dde359f73ba8f5cba5abb1",
                "sha256:17003dc32a3cd93aae4c700d2e92dbccabc24f17d47e0858195e18be56ddf7d6",
                "sha256:1799d52c338da909e68977cb3f75c39d642cd84707e5077d8b041977a1a65802",
                "sha256:1c880d6a7d44d47ab1369c51ef838a661422bedc6fa1023875f9f37b01cfc9f4",
                "sha256:22ce0e8a67237853f4ffb559a51c9b0d296452e9402b29712bd35cef34543130",
                "sha256:25fad37f216a8bf5c121bd8f4d31db91b7214b2cbe8fb483f3fb0d9f5958833b",
                "sha256:29bd37a39a5369d954c7f839a3b55a5e9c339d86963bcf57d700b98ee24b5e46",
                "sha256:2b80892a7db42150f231ee0f2ce128679c38a7b1e01e545b3c6668ba349c4cbc",
                "sha256:2dac1319b2c381f12ec4a54f43ca7e165c313f0e73208d8349003ee247378841",
                "sha256:35a3d027d110e9e2ff0af6c6c0dcda361968bbda266e85907b65b556653bf993",
                "sha256:37e3d26a3cda0d7804e316c1c15a1311d53a68b4001cad0e83ae6bb8593ab845",
                "sha256:442f6dfc6abfc5525820526457ffcb312620e352aa795eba70e8ed0a822387ed",
                "sha256:5ee5909f673abca7b48b4fec37f4b8e95982c7015daa72b971f0eb321c2d72f7",
                "sha256:5f2e7d26bba233917878e16a77a07121eafa469fd1ddd5d61dd615cee0294c81",
                "sha256:66e59d1eb72adde86fae98e347c63a32c267df8f9b1549f13c54fbf763f34036",
                "sha256:68249eb3bf5782a7bd4977840c9a508011f2fffc85c9a1f2bb8e7c459681827a",
                "sha256:68776c7a5e27b9740ae1eb21cbcfcb2f504c7621b876f63c55934cccc7ee8727",
                "sha256:702d11cddffb0e9e362c8962bb86bdeffa589e75c1c49431bc186747c9000565",
                "sha256:749a4910e2b58523e9cd38f929691aa66bd66bd0ea8f282acbd06f390da0a0a9",
                "sha256:7a82c7bd0327266ef9f04a5272b0bb79812ddcefccf944320b5f3519586bbc82",
                "sha256:7c812a90247c05e04c8faa3184c04aab6a6c18f51104bbaf621435091f01fa28",
                "sha256:7e7053e2fbca401dbb088d4c6e734fa8c3f5c217c363eb66970c976ce9d6b711",
                "sha256:90e766d09a22bcc4fcbd127280baf4b650eb45f9deb8553ee7acba0fc2e7191f",
                "sha256:968b6851162085022807e979d5c75398a7b27cc740095c80ef23390c64294c10",
                "sha256:9c21794173efa3433f621be0eedb4a4ef6bac4efdd41ad649aa2e5180d93cdec",
                "sha256:9dd2f62fa547dd32a64f8d50ddcde694d8e701f615cdde93a9bb4ffdd11f9066",
                "sha256:9e155e2770abd8c954e6c2c50afd572bc04497e060e1b6e09958b4af9e2a4a78",
                "sha256:9f77406cb090442934b29b6ea8adb9fe7131836e583a667e3b52927c0408ee49",
                "sha256:a24d8e919462930eef85eba7a73742053656d83ac6e971405cefbb4ea2f23ba9",
                "sha256:a7805cc6e1514ad7cfa18cd5902a01e25672eb157dc64d99a8f7c4332a603f84",
                "sha256:aa49c7244a04a865195bb24bcc3f581b39a852776de549b798865eda1e72d26a",
                "sha256:ab90daaace8aa7ba3c4bb2cd9b92557f9d6fcea2410568e35599378b24fa2a40",
                "sha256:abb2c5ce49ba3f8d4051cd20aa23b17f480ee61300abe3fb68b4a72316ece369",
                "sha256:ac28331680e3566257f1465ee91771006052db2086bd810d88d221e17cd68edf",
                "sha256:ae080bedd8c95f950652bfc5def13be8f7a216ccf237ecf439007be21919df84",
                "sha256:afe367ff62b5bff92412bf925a610ee45cb0cb152f914008a924a728c7ef2c87",
                "sha256:b1d324c88acf63333ae5ac3598a67fa71805a2e2429267060c3a18e4f76c2f35",
                "sha256:b283c141bb47e9ad5e6c47008ec6560dd3f458e43170a3da0b95baa379f9d1c0",
                "sha256:b49350149950eea90c18d53f1295df230b64997977f4dfdafd61237828273251",
                "sha256:b60ae0c865dfbaa9235c38044cd584b5dfdd670b9968a85214b31fde02e2ce81",
                "sha256:bd9eef97d00863ff37e55d05f9db5fb497ee1619af21f482b2a8247c674236f7",
                "sha256:c57ce5e48f79b3a69c3b8dcaa0751d4ae51eed9313ebcb15868884139f379de4",
                "sha256:c5e60f21d7b98a01b3f004aec1373c785df528a102e75e7a8c1a25fcf70fe527",
                "sha256:c87aabc12dd6cc7ebf072fdcbec2d6850f89d26249cd4c5c099825cd55c14bcb",
                "sha256:ca252c1340d3bef505c337914437c88558cb146e48c05f0fca974b11f742226c",
                "sha256:ce721362d90150a6d53491585e76fae1e91603dd75ff9edd5ad4377ef1be4fed",
                "sha256:cf9ba8e62fe3b419039bcffac8ceef250d0d7f1ec835c1c28e482893b4b18913",
                "sha256:d654e54abeacf429fca991b40b887ae5993e70f99a6f4030242ec6a268f6fe69",
                "sha256:d9808978011dfb5801fdccc541c7bb97f3bafca86bf7fc9e0022c70d60caca33",
                "sha256:dba9262cc6e872c4cf705bb44b9338240ddcdd530128d1169b80d068a46912a8",
                "sha256:dd5e7211e294a0c79ffaae9770862dcccc5070b06a5a9f3e1ec2fb65d3833b21",
                "sha256:dfddd297732ec5c832ae38cf6d6a04a85024608656ea4855905d3c3fdea488b2",
                "sha256:e17ef3b66c175909dc0c4b420ab5a344fd220889bef84bd9b2745fe8213ea386",
                "sha256:e315018f0ea848a3a45fcbb92af3485c1d4b95460ba60579a5aa33740226fe20",
                "sha256:e6b5d2fbb7d63ea9db290b5c35ee908fcd1d7f09985cc4cfb4988c97d6e3026c",
                "sha256:ed666fb4c590318bad1277d06b178cdd2a0f2122107b9b5181c592fb8b36992e",
                "sha256:f37aa510795043c50467093990f59772070d857936a5f79959d963022dc7dc27",
                "sha256:f3f451d676a03ebc1eefbdcdd43f67af8b61c64b71151075934e7da6faea5a7b",
                "sha256:f589fab6342058e1511fa3d9d709edc23de31d7f820571cb793d1bffbb953934",
                "sha256:f8a58db4aa6198c52d60faaef369d92256ff7f0ea1c522a83e27151d701dda31"
            ],
            "index": "pypi",
            "markers": "python_version >= '3.8' and python_version < '4.0'",
            "version": "==0.136.0"
        }
    },
    "develop": {}
}
